
Microsoft Visual Studio Solution File, Format Version 12.00
# Visual Studio Version 17
VisualStudioVersion = 17.12.35506.116 d17.12
MinimumVisualStudioVersion = 10.0.40219.1
Project("{FAE04EC0-301F-11D3-BF4B-00C04F79EFBC}") = "Gestao.Residuos", "Gestao.Residuos.csproj", "{EF639E0A-74C5-4DB1-A996-A030BBC694D2}"
EndProject
Project("{FAE04EC0-301F-11D3-BF4B-00C04F79EFBC}") = "Gestao.Residuos.Testes", "..\Gestao.Residuos.Testes\Gestao.Residuos.Testes.csproj", "{B4B7936A-0D44-405F-B8A0-7ABEF38BFF7E}"
EndProject
Global
	GlobalSection(SolutionConfigurationPlatforms) = preSolution
		Debug|Any CPU = Debug|Any CPU
		Release|Any CPU = Release|Any CPU
	EndGlobalSection
	GlobalSection(ProjectConfigurationPlatforms) = postSolution
		{EF639E0A-74C5-4DB1-A996-A030BBC694D2}.Debug|Any CPU.ActiveCfg = Debug|Any CPU
		{EF639E0A-74C5-4DB1-A996-A030BBC694D2}.Debug|Any CPU.Build.0 = Debug|Any CPU
		{EF639E0A-74C5-4DB1-A996-A030BBC694D2}.Release|Any CPU.ActiveCfg = Release|Any CPU
		{EF639E0A-74C5-4DB1-A996-A030BBC694D2}.Release|Any CPU.Build.0 = Release|Any CPU
		{B4B7936A-0D44-405F-B8A0-7ABEF38BFF7E}.Debug|Any CPU.ActiveCfg = Debug|Any CPU
		{B4B7936A-0D44-405F-B8A0-7ABEF38BFF7E}.Debug|Any CPU.Build.0 = Debug|Any CPU
		{B4B7936A-0D44-405F-B8A0-7ABEF38BFF7E}.Release|Any CPU.ActiveCfg = Release|Any CPU
		{B4B7936A-0D44-405F-B8A0-7ABEF38BFF7E}.Release|Any CPU.Build.0 = Release|Any CPU
	EndGlobalSection
	GlobalSection(SolutionProperties) = preSolution
		HideSolutionNode = FALSE
	EndGlobalSection
EndGlobal
